// !$*UTF8*$!
{
	archiveVersion = 1;
	classes = {
	};
	objectVersion = 50;
	objects = {

/* Begin PBXBuildFile section */
		5908371F20C0BE2E00A36103 /* Database.swift in Sources */ = {isa = PBXBuildFile; fileRef = 5908371E20C0BE2E00A36103 /* Database.swift */; };
		5908372120C0C22D00A36103 /* GoogleService-Info.plist in Resources */ = {isa = PBXBuildFile; fileRef = 5908372020C0C22D00A36103 /* GoogleService-Info.plist */; };
		5908372820C0FD2100A36103 /* AuthManager.swift in Sources */ = {isa = PBXBuildFile; fileRef = 5908372720C0FD2100A36103 /* AuthManager.swift */; };
		5908372A20C0FEB700A36103 /* LoginViewController.swift in Sources */ = {isa = PBXBuildFile; fileRef = 5908372920C0FEB700A36103 /* LoginViewController.swift */; };
		59298B0720BF973A003D1D98 /* ARty.swift in Sources */ = {isa = PBXBuildFile; fileRef = 59298B0620BF973A003D1D98 /* ARty.swift */; };
		59298B1220C02D82003D1D98 /* Constant.swift in Sources */ = {isa = PBXBuildFile; fileRef = 59298B1120C02D82003D1D98 /* Constant.swift */; };
		592C08D920BF5CEF00E23EEC /* ARtySchema.swift in Sources */ = {isa = PBXBuildFile; fileRef = 592C08D820BF5CEF00E23EEC /* ARtySchema.swift */; };
		592C08E120BF7F8200E23EEC /* Schema.swift in Sources */ = {isa = PBXBuildFile; fileRef = 592C08E020BF7F8200E23EEC /* Schema.swift */; };
		59389A1520B6313D00F7FA67 /* ARtyError.swift in Sources */ = {isa = PBXBuildFile; fileRef = 59389A1420B6313D00F7FA67 /* ARtyError.swift */; };
		59412B8A20B5721300A2ED02 /* AppDelegate.swift in Sources */ = {isa = PBXBuildFile; fileRef = 59412B8920B5721300A2ED02 /* AppDelegate.swift */; };
		59412B8C20B5721300A2ED02 /* art.scnassets in Resources */ = {isa = PBXBuildFile; fileRef = 59412B8B20B5721300A2ED02 /* art.scnassets */; };
		59412B8E20B5721300A2ED02 /* MainViewController.swift in Sources */ = {isa = PBXBuildFile; fileRef = 59412B8D20B5721300A2ED02 /* MainViewController.swift */; };
		59412B9120B5721300A2ED02 /* Main.storyboard in Resources */ = {isa = PBXBuildFile; fileRef = 59412B8F20B5721300A2ED02 /* Main.storyboard */; };
		59412B9320B5721400A2ED02 /* Assets.xcassets in Resources */ = {isa = PBXBuildFile; fileRef = 59412B9220B5721400A2ED02 /* Assets.xcassets */; };
		59412B9620B5721400A2ED02 /* LaunchScreen.storyboard in Resources */ = {isa = PBXBuildFile; fileRef = 59412B9420B5721400A2ED02 /* LaunchScreen.storyboard */; };
		59584BDA20C79B98000F72D9 /* LocationManager.swift in Sources */ = {isa = PBXBuildFile; fileRef = 59584BD920C79B98000F72D9 /* LocationManager.swift */; };
		5992347B20CEF890008F4762 /* LocationDatabase.swift in Sources */ = {isa = PBXBuildFile; fileRef = 5992347A20CEF890008F4762 /* LocationDatabase.swift */; };
		5993889520C046750060A37E /* User.swift in Sources */ = {isa = PBXBuildFile; fileRef = 5993889420C046750060A37E /* User.swift */; };
		5999737E20CA6BA3004DE3F9 /* ARSessionManager.swift in Sources */ = {isa = PBXBuildFile; fileRef = 5999737D20CA6BA3004DE3F9 /* ARSessionManager.swift */; };
		59B386EC20BF491D003BC2E5 /* ChooseARtyViewController.swift in Sources */ = {isa = PBXBuildFile; fileRef = 59B386EB20BF491D003BC2E5 /* ChooseARtyViewController.swift */; };
		59C1ADA720D0EC76002B920A /* PositionCalculator.swift in Sources */ = {isa = PBXBuildFile; fileRef = 59C1ADA620D0EC76002B920A /* PositionCalculator.swift */; };
		59CAF1BF20C1B0BA0011C4F6 /* ChooseEmotesViewController.swift in Sources */ = {isa = PBXBuildFile; fileRef = 59CAF1BE20C1B0BA0011C4F6 /* ChooseEmotesViewController.swift */; };
		59DBFD3020D1590500580F18 /* Location.swift in Sources */ = {isa = PBXBuildFile; fileRef = 59DBFD2F20D1590500580F18 /* Location.swift */; };
		59E747FD20C629BD006217C4 /* AppStateObserver.swift in Sources */ = {isa = PBXBuildFile; fileRef = 59E747FC20C629BD006217C4 /* AppStateObserver.swift */; };
		59EC1B0720D1D45100531998 /* Extension+Double.swift in Sources */ = {isa = PBXBuildFile; fileRef = 59EC1B0620D1D45100531998 /* Extension+Double.swift */; };
		5FF4BFC55782DF0B617E4301 /* Pods_ARty.framework in Frameworks */ = {isa = PBXBuildFile; fileRef = B62A1CF86D92BA288F60E1DD /* Pods_ARty.framework */; };
/* End PBXBuildFile section */

/* Begin PBXFileReference section */
		2E645C07E1CA6575D6B1D766 /* Pods-ARty.release.xcconfig */ = {isa = PBXFileReference; includeInIndex = 1; lastKnownFileType = text.xcconfig; name = "Pods-ARty.release.xcconfig"; path = "Pods/Target Support Files/Pods-ARty/Pods-ARty.release.xcconfig"; sourceTree = "<group>"; };
		5908371E20C0BE2E00A36103 /* Database.swift */ = {isa = PBXFileReference; lastKnownFileType = sourcecode.swift; path = Database.swift; sourceTree = "<group>"; };
		5908372020C0C22D00A36103 /* GoogleService-Info.plist */ = {isa = PBXFileReference; fileEncoding = 4; lastKnownFileType = text.plist.xml; path = "GoogleService-Info.plist"; sourceTree = "<group>"; };
		5908372420C0F70700A36103 /* ARty.entitlements */ = {isa = PBXFileReference; lastKnownFileType = text.plist.entitlements; path = ARty.entitlements; sourceTree = "<group>"; };
		5908372720C0FD2100A36103 /* AuthManager.swift */ = {isa = PBXFileReference; lastKnownFileType = sourcecode.swift; path = AuthManager.swift; sourceTree = "<group>"; };
		5908372920C0FEB700A36103 /* LoginViewController.swift */ = {isa = PBXFileReference; lastKnownFileType = sourcecode.swift; path = LoginViewController.swift; sourceTree = "<group>"; };
		59298B0620BF973A003D1D98 /* ARty.swift */ = {isa = PBXFileReference; lastKnownFileType = sourcecode.swift; path = ARty.swift; sourceTree = "<group>"; };
		59298B1120C02D82003D1D98 /* Constant.swift */ = {isa = PBXFileReference; lastKnownFileType = sourcecode.swift; path = Constant.swift; sourceTree = "<group>"; };
		592C08D820BF5CEF00E23EEC /* ARtySchema.swift */ = {isa = PBXFileReference; lastKnownFileType = sourcecode.swift; path = ARtySchema.swift; sourceTree = "<group>"; };
		592C08E020BF7F8200E23EEC /* Schema.swift */ = {isa = PBXFileReference; lastKnownFileType = sourcecode.swift; path = Schema.swift; sourceTree = "<group>"; };
		59389A1420B6313D00F7FA67 /* ARtyError.swift */ = {isa = PBXFileReference; lastKnownFileType = sourcecode.swift; path = ARtyError.swift; sourceTree = "<group>"; };
		59412B8620B5721300A2ED02 /* ARty.app */ = {isa = PBXFileReference; explicitFileType = wrapper.application; includeInIndex = 0; path = ARty.app; sourceTree = BUILT_PRODUCTS_DIR; };
		59412B8920B5721300A2ED02 /* AppDelegate.swift */ = {isa = PBXFileReference; lastKnownFileType = sourcecode.swift; path = AppDelegate.swift; sourceTree = "<group>"; };
		59412B8B20B5721300A2ED02 /* art.scnassets */ = {isa = PBXFileReference; lastKnownFileType = wrapper.scnassets; path = art.scnassets; sourceTree = "<group>"; };
		59412B8D20B5721300A2ED02 /* MainViewController.swift */ = {isa = PBXFileReference; lastKnownFileType = sourcecode.swift; path = MainViewController.swift; sourceTree = "<group>"; };
		59412B9020B5721300A2ED02 /* Base */ = {isa = PBXFileReference; lastKnownFileType = file.storyboard; name = Base; path = Base.lproj/Main.storyboard; sourceTree = "<group>"; };
		59412B9220B5721400A2ED02 /* Assets.xcassets */ = {isa = PBXFileReference; lastKnownFileType = folder.assetcatalog; path = Assets.xcassets; sourceTree = "<group>"; };
		59412B9520B5721400A2ED02 /* Base */ = {isa = PBXFileReference; lastKnownFileType = file.storyboard; name = Base; path = Base.lproj/LaunchScreen.storyboard; sourceTree = "<group>"; };
		59412B9720B5721400A2ED02 /* Info.plist */ = {isa = PBXFileReference; lastKnownFileType = text.plist.xml; path = Info.plist; sourceTree = "<group>"; };
		59584BD920C79B98000F72D9 /* LocationManager.swift */ = {isa = PBXFileReference; lastKnownFileType = sourcecode.swift; path = LocationManager.swift; sourceTree = "<group>"; };
		5992347A20CEF890008F4762 /* LocationDatabase.swift */ = {isa = PBXFileReference; lastKnownFileType = sourcecode.swift; path = LocationDatabase.swift; sourceTree = "<group>"; };
		5993889420C046750060A37E /* User.swift */ = {isa = PBXFileReference; lastKnownFileType = sourcecode.swift; path = User.swift; sourceTree = "<group>"; };
		5999737D20CA6BA3004DE3F9 /* ARSessionManager.swift */ = {isa = PBXFileReference; lastKnownFileType = sourcecode.swift; path = ARSessionManager.swift; sourceTree = "<group>"; };
		59B386EB20BF491D003BC2E5 /* ChooseARtyViewController.swift */ = {isa = PBXFileReference; lastKnownFileType = sourcecode.swift; path = ChooseARtyViewController.swift; sourceTree = "<group>"; };
		59C1ADA620D0EC76002B920A /* PositionCalculator.swift */ = {isa = PBXFileReference; lastKnownFileType = sourcecode.swift; path = PositionCalculator.swift; sourceTree = "<group>"; };
		59CAF1BE20C1B0BA0011C4F6 /* ChooseEmotesViewController.swift */ = {isa = PBXFileReference; lastKnownFileType = sourcecode.swift; path = ChooseEmotesViewController.swift; sourceTree = "<group>"; };
		59DBFD2F20D1590500580F18 /* Location.swift */ = {isa = PBXFileReference; lastKnownFileType = sourcecode.swift; path = Location.swift; sourceTree = "<group>"; };
		59E747FC20C629BD006217C4 /* AppStateObserver.swift */ = {isa = PBXFileReference; lastKnownFileType = sourcecode.swift; path = AppStateObserver.swift; sourceTree = "<group>"; };
		59EC1B0620D1D45100531998 /* Extension+Double.swift */ = {isa = PBXFileReference; lastKnownFileType = sourcecode.swift; path = "Extension+Double.swift"; sourceTree = "<group>"; };
		B62A1CF86D92BA288F60E1DD /* Pods_ARty.framework */ = {isa = PBXFileReference; explicitFileType = wrapper.framework; includeInIndex = 0; path = Pods_ARty.framework; sourceTree = BUILT_PRODUCTS_DIR; };
		C5820ED2DA6AF24C16C4CC55 /* Pods-ARty.debug.xcconfig */ = {isa = PBXFileReference; includeInIndex = 1; lastKnownFileType = text.xcconfig; name = "Pods-ARty.debug.xcconfig"; path = "Pods/Target Support Files/Pods-ARty/Pods-ARty.debug.xcconfig"; sourceTree = "<group>"; };
/* End PBXFileReference section */

/* Begin PBXFrameworksBuildPhase section */
		59412B8320B5721300A2ED02 /* Frameworks */ = {
			isa = PBXFrameworksBuildPhase;
			buildActionMask = 2147483647;
			files = (
				5FF4BFC55782DF0B617E4301 /* Pods_ARty.framework in Frameworks */,
			);
			runOnlyForDeploymentPostprocessing = 0;
		};
/* End PBXFrameworksBuildPhase section */

/* Begin PBXGroup section */
		23384A50DB664ABB13ABB4CC /* Frameworks */ = {
			isa = PBXGroup;
			children = (
				B62A1CF86D92BA288F60E1DD /* Pods_ARty.framework */,
			);
			name = Frameworks;
			sourceTree = "<group>";
		};
		59412B7D20B5721300A2ED02 = {
			isa = PBXGroup;
			children = (
				59412B8820B5721300A2ED02 /* ARty */,
				23384A50DB664ABB13ABB4CC /* Frameworks */,
				CDE1A8D79ED443C0D97CE536 /* Pods */,
				59412B8720B5721300A2ED02 /* Products */,
			);
			sourceTree = "<group>";
		};
		59412B8720B5721300A2ED02 /* Products */ = {
			isa = PBXGroup;
			children = (
				59412B8620B5721300A2ED02 /* ARty.app */,
			);
			name = Products;
			sourceTree = "<group>";
		};
		59412B8820B5721300A2ED02 /* ARty */ = {
			isa = PBXGroup;
			children = (
				5908372420C0F70700A36103 /* ARty.entitlements */,
				5908372020C0C22D00A36103 /* GoogleService-Info.plist */,
				59412B9720B5721400A2ED02 /* Info.plist */,
				59412B8B20B5721300A2ED02 /* art.scnassets */,
				59412B9220B5721400A2ED02 /* Assets.xcassets */,
				5960AB3420C869BC00E61B79 /* Controller */,
				59412B9420B5721400A2ED02 /* LaunchScreen.storyboard */,
				59412B8F20B5721300A2ED02 /* Main.storyboard */,
				59412B9D20B5929600A2ED02 /* Model */,
				5960AB3520C869C800E61B79 /* Support */,
			);
			path = ARty;
			sourceTree = "<group>";
		};
		59412B9D20B5929600A2ED02 /* Model */ = {
			isa = PBXGroup;
			children = (
				59298B0620BF973A003D1D98 /* ARty.swift */,
				592C08D820BF5CEF00E23EEC /* ARtySchema.swift */,
				59DBFD2F20D1590500580F18 /* Location.swift */,
				592C08E020BF7F8200E23EEC /* Schema.swift */,
				5993889420C046750060A37E /* User.swift */,
			);
			path = Model;
			sourceTree = "<group>";
		};
		5960AB3420C869BC00E61B79 /* Controller */ = {
			isa = PBXGroup;
			children = (
				59B386EB20BF491D003BC2E5 /* ChooseARtyViewController.swift */,
				59CAF1BE20C1B0BA0011C4F6 /* ChooseEmotesViewController.swift */,
				5908372920C0FEB700A36103 /* LoginViewController.swift */,
				59412B8D20B5721300A2ED02 /* MainViewController.swift */,
			);
			path = Controller;
			sourceTree = "<group>";
		};
		5960AB3520C869C800E61B79 /* Support */ = {
			isa = PBXGroup;
			children = (
				59412B8920B5721300A2ED02 /* AppDelegate.swift */,
				59E747FC20C629BD006217C4 /* AppStateObserver.swift */,
				5999737D20CA6BA3004DE3F9 /* ARSessionManager.swift */,
				59389A1420B6313D00F7FA67 /* ARtyError.swift */,
				5908372720C0FD2100A36103 /* AuthManager.swift */,
				59298B1120C02D82003D1D98 /* Constant.swift */,
				5908371E20C0BE2E00A36103 /* Database.swift */,
				59EC1B0620D1D45100531998 /* Extension+Double.swift */,
				59C1ADA620D0EC76002B920A /* PositionCalculator.swift */,
				5992347A20CEF890008F4762 /* LocationDatabase.swift */,
				59584BD920C79B98000F72D9 /* LocationManager.swift */,
			);
			path = Support;
			sourceTree = "<group>";
		};
		CDE1A8D79ED443C0D97CE536 /* Pods */ = {
			isa = PBXGroup;
			children = (
				C5820ED2DA6AF24C16C4CC55 /* Pods-ARty.debug.xcconfig */,
				2E645C07E1CA6575D6B1D766 /* Pods-ARty.release.xcconfig */,
			);
			name = Pods;
			sourceTree = "<group>";
		};
/* End PBXGroup section */

/* Begin PBXNativeTarget section */
		59412B8520B5721300A2ED02 /* ARty */ = {
			isa = PBXNativeTarget;
			buildConfigurationList = 59412B9A20B5721400A2ED02 /* Build configuration list for PBXNativeTarget "ARty" */;
			buildPhases = (
				A88CF2683676F0B5EA66CA27 /* [CP] Check Pods Manifest.lock */,
				59412B8220B5721300A2ED02 /* Sources */,
				59412B8320B5721300A2ED02 /* Frameworks */,
				59412B8420B5721300A2ED02 /* Resources */,
				DD5312F19D2792F2C5C6936B /* [CP] Embed Pods Frameworks */,
				59584BD220C74DD2000F72D9 /* ShellScript */,
			);
			buildRules = (
			);
			dependencies = (
			);
			name = ARty;
			productName = ARty;
			productReference = 59412B8620B5721300A2ED02 /* ARty.app */;
			productType = "com.apple.product-type.application";
		};
/* End PBXNativeTarget section */

/* Begin PBXProject section */
		59412B7E20B5721300A2ED02 /* Project object */ = {
			isa = PBXProject;
			attributes = {
				LastSwiftUpdateCheck = 0930;
				LastUpgradeCheck = 0930;
				ORGANIZATIONNAME = "Quan Vo";
				TargetAttributes = {
					59412B8520B5721300A2ED02 = {
						CreatedOnToolsVersion = 9.3.1;
						SystemCapabilities = {
							com.apple.BackgroundModes = {
								enabled = 0;
							};
							com.apple.Keychain = {
								enabled = 1;
							};
						};
					};
				};
			};
			buildConfigurationList = 59412B8120B5721300A2ED02 /* Build configuration list for PBXProject "ARty" */;
			compatibilityVersion = "Xcode 9.3";
			developmentRegion = en;
			hasScannedForEncodings = 0;
			knownRegions = (
				en,
				Base,
			);
			mainGroup = 59412B7D20B5721300A2ED02;
			productRefGroup = 59412B8720B5721300A2ED02 /* Products */;
			projectDirPath = "";
			projectRoot = "";
			targets = (
				59412B8520B5721300A2ED02 /* ARty */,
			);
		};
/* End PBXProject section */

/* Begin PBXResourcesBuildPhase section */
		59412B8420B5721300A2ED02 /* Resources */ = {
			isa = PBXResourcesBuildPhase;
			buildActionMask = 2147483647;
			files = (
				59412B8C20B5721300A2ED02 /* art.scnassets in Resources */,
				59412B9620B5721400A2ED02 /* LaunchScreen.storyboard in Resources */,
				5908372120C0C22D00A36103 /* GoogleService-Info.plist in Resources */,
				59412B9320B5721400A2ED02 /* Assets.xcassets in Resources */,
				59412B9120B5721300A2ED02 /* Main.storyboard in Resources */,
			);
			runOnlyForDeploymentPostprocessing = 0;
		};
/* End PBXResourcesBuildPhase section */

/* Begin PBXShellScriptBuildPhase section */
		59584BD220C74DD2000F72D9 /* ShellScript */ = {
			isa = PBXShellScriptBuildPhase;
			buildActionMask = 2147483647;
			files = (
			);
			inputPaths = (
			);
			outputPaths = (
			);
			runOnlyForDeploymentPostprocessing = 0;
			shellPath = /bin/sh;
			shellScript = "\"${PODS_ROOT}/SwiftLint/swiftlint\"";
		};
		A88CF2683676F0B5EA66CA27 /* [CP] Check Pods Manifest.lock */ = {
			isa = PBXShellScriptBuildPhase;
			buildActionMask = 2147483647;
			files = (
			);
			inputPaths = (
				"${PODS_PODFILE_DIR_PATH}/Podfile.lock",
				"${PODS_ROOT}/Manifest.lock",
			);
			name = "[CP] Check Pods Manifest.lock";
			outputPaths = (
				"$(DERIVED_FILE_DIR)/Pods-ARty-checkManifestLockResult.txt",
			);
			runOnlyForDeploymentPostprocessing = 0;
			shellPath = /bin/sh;
			shellScript = "diff \"${PODS_PODFILE_DIR_PATH}/Podfile.lock\" \"${PODS_ROOT}/Manifest.lock\" > /dev/null\nif [ $? != 0 ] ; then\n    # print error to STDERR\n    echo \"error: The sandbox is not in sync with the Podfile.lock. Run 'pod install' or update your CocoaPods installation.\" >&2\n    exit 1\nfi\n# This output is used by Xcode 'outputs' to avoid re-running this script phase.\necho \"SUCCESS\" > \"${SCRIPT_OUTPUT_FILE_0}\"\n";
			showEnvVarsInLog = 0;
		};
		DD5312F19D2792F2C5C6936B /* [CP] Embed Pods Frameworks */ = {
			isa = PBXShellScriptBuildPhase;
			buildActionMask = 2147483647;
			files = (
			);
			inputPaths = (
				"${SRCROOT}/Pods/Target Support Files/Pods-ARty/Pods-ARty-frameworks.sh",
				"${BUILT_PRODUCTS_DIR}/Alamofire/Alamofire.framework",
				"${BUILT_PRODUCTS_DIR}/Bolts/Bolts.framework",
				"${BUILT_PRODUCTS_DIR}/BoringSSL/openssl.framework",
				"${BUILT_PRODUCTS_DIR}/FBSDKCoreKit/FBSDKCoreKit.framework",
				"${BUILT_PRODUCTS_DIR}/FBSDKLoginKit/FBSDKLoginKit.framework",
				"${BUILT_PRODUCTS_DIR}/FacebookCore/FacebookCore.framework",
				"${BUILT_PRODUCTS_DIR}/FacebookLogin/FacebookLogin.framework",
				"${BUILT_PRODUCTS_DIR}/GTMSessionFetcher/GTMSessionFetcher.framework",
				"${BUILT_PRODUCTS_DIR}/GoogleToolboxForMac/GoogleToolboxForMac.framework",
				"${BUILT_PRODUCTS_DIR}/Protobuf/Protobuf.framework",
				"${BUILT_PRODUCTS_DIR}/gRPC/GRPCClient.framework",
				"${BUILT_PRODUCTS_DIR}/gRPC-Core/grpc.framework",
				"${BUILT_PRODUCTS_DIR}/gRPC-ProtoRPC/ProtoRPC.framework",
				"${BUILT_PRODUCTS_DIR}/gRPC-RxLibrary/RxLibrary.framework",
				"${BUILT_PRODUCTS_DIR}/leveldb-library/leveldb.framework",
				"${BUILT_PRODUCTS_DIR}/nanopb/nanopb.framework",
			);
			name = "[CP] Embed Pods Frameworks";
			outputPaths = (
				"${TARGET_BUILD_DIR}/${FRAMEWORKS_FOLDER_PATH}/Alamofire.framework",
				"${TARGET_BUILD_DIR}/${FRAMEWORKS_FOLDER_PATH}/Bolts.framework",
				"${TARGET_BUILD_DIR}/${FRAMEWORKS_FOLDER_PATH}/openssl.framework",
				"${TARGET_BUILD_DIR}/${FRAMEWORKS_FOLDER_PATH}/FBSDKCoreKit.framework",
				"${TARGET_BUILD_DIR}/${FRAMEWORKS_FOLDER_PATH}/FBSDKLoginKit.framework",
				"${TARGET_BUILD_DIR}/${FRAMEWORKS_FOLDER_PATH}/FacebookCore.framework",
				"${TARGET_BUILD_DIR}/${FRAMEWORKS_FOLDER_PATH}/FacebookLogin.framework",
				"${TARGET_BUILD_DIR}/${FRAMEWORKS_FOLDER_PATH}/GTMSessionFetcher.framework",
				"${TARGET_BUILD_DIR}/${FRAMEWORKS_FOLDER_PATH}/GoogleToolboxForMac.framework",
				"${TARGET_BUILD_DIR}/${FRAMEWORKS_FOLDER_PATH}/Protobuf.framework",
				"${TARGET_BUILD_DIR}/${FRAMEWORKS_FOLDER_PATH}/GRPCClient.framework",
				"${TARGET_BUILD_DIR}/${FRAMEWORKS_FOLDER_PATH}/grpc.framework",
				"${TARGET_BUILD_DIR}/${FRAMEWORKS_FOLDER_PATH}/ProtoRPC.framework",
				"${TARGET_BUILD_DIR}/${FRAMEWORKS_FOLDER_PATH}/RxLibrary.framework",
				"${TARGET_BUILD_DIR}/${FRAMEWORKS_FOLDER_PATH}/leveldb.framework",
				"${TARGET_BUILD_DIR}/${FRAMEWORKS_FOLDER_PATH}/nanopb.framework",
			);
			runOnlyForDeploymentPostprocessing = 0;
			shellPath = /bin/sh;
			shellScript = "\"${SRCROOT}/Pods/Target Support Files/Pods-ARty/Pods-ARty-frameworks.sh\"\n";
			showEnvVarsInLog = 0;
		};
/* End PBXShellScriptBuildPhase section */

/* Begin PBXSourcesBuildPhase section */
		59412B8220B5721300A2ED02 /* Sources */ = {
			isa = PBXSourcesBuildPhase;
			buildActionMask = 2147483647;
			files = (
				59B386EC20BF491D003BC2E5 /* ChooseARtyViewController.swift in Sources */,
				59298B1220C02D82003D1D98 /* Constant.swift in Sources */,
				5908371F20C0BE2E00A36103 /* Database.swift in Sources */,
				592C08D920BF5CEF00E23EEC /* ARtySchema.swift in Sources */,
				59EC1B0720D1D45100531998 /* Extension+Double.swift in Sources */,
				59E747FD20C629BD006217C4 /* AppStateObserver.swift in Sources */,
				5908372820C0FD2100A36103 /* AuthManager.swift in Sources */,
				5993889520C046750060A37E /* User.swift in Sources */,
				592C08E120BF7F8200E23EEC /* Schema.swift in Sources */,
				59412B8E20B5721300A2ED02 /* MainViewController.swift in Sources */,
				59C1ADA720D0EC76002B920A /* PositionCalculator.swift in Sources */,
				59298B0720BF973A003D1D98 /* ARty.swift in Sources */,
				5908372A20C0FEB700A36103 /* LoginViewController.swift in Sources */,
				59412B8A20B5721300A2ED02 /* AppDelegate.swift in Sources */,
				5999737E20CA6BA3004DE3F9 /* ARSessionManager.swift in Sources */,
				59DBFD3020D1590500580F18 /* Location.swift in Sources */,
				59584BDA20C79B98000F72D9 /* LocationManager.swift in Sources */,
				5992347B20CEF890008F4762 /* LocationDatabase.swift in Sources */,
				59CAF1BF20C1B0BA0011C4F6 /* ChooseEmotesViewController.swift in Sources */,
				59389A1520B6313D00F7FA67 /* ARtyError.swift in Sources */,
			);
			runOnlyForDeploymentPostprocessing = 0;
		};
/* End PBXSourcesBuildPhase section */

/* Begin PBXVariantGroup section */
		59412B8F20B5721300A2ED02 /* Main.storyboard */ = {
			isa = PBXVariantGroup;
			children = (
				59412B9020B5721300A2ED02 /* Base */,
			);
			name = Main.storyboard;
			sourceTree = "<group>";
		};
		59412B9420B5721400A2ED02 /* LaunchScreen.storyboard */ = {
			isa = PBXVariantGroup;
			children = (
				59412B9520B5721400A2ED02 /* Base */,
			);
			name = LaunchScreen.storyboard;
			sourceTree = "<group>";
		};
/* End PBXVariantGroup section */

/* Begin XCBuildConfiguration section */
		59412B9820B5721400A2ED02 /* Debug */ = {
			isa = XCBuildConfiguration;
			buildSettings = {
				ALWAYS_SEARCH_USER_PATHS = NO;
				CLANG_ANALYZER_NONNULL = YES;
				CLANG_ANALYZER_NUMBER_OBJECT_CONVERSION = YES_AGGRESSIVE;
				CLANG_CXX_LANGUAGE_STANDARD = "gnu++14";
				CLANG_CXX_LIBRARY = "libc++";
				CLANG_ENABLE_MODULES = YES;
				CLANG_ENABLE_OBJC_ARC = YES;
				CLANG_ENABLE_OBJC_WEAK = YES;
				CLANG_WARN_BLOCK_CAPTURE_AUTORELEASING = YES;
				CLANG_WARN_BOOL_CONVERSION = YES;
				CLANG_WARN_COMMA = YES;
				CLANG_WARN_CONSTANT_CONVERSION = YES;
				CLANG_WARN_DEPRECATED_OBJC_IMPLEMENTATIONS = YES;
				CLANG_WARN_DIRECT_OBJC_ISA_USAGE = YES_ERROR;
				CLANG_WARN_DOCUMENTATION_COMMENTS = YES;
				CLANG_WARN_EMPTY_BODY = YES;
				CLANG_WARN_ENUM_CONVERSION = YES;
				CLANG_WARN_INFINITE_RECURSION = YES;
				CLANG_WARN_INT_CONVERSION = YES;
				CLANG_WARN_NON_LITERAL_NULL_CONVERSION = YES;
				CLANG_WARN_OBJC_IMPLICIT_RETAIN_SELF = YES;
				CLANG_WARN_OBJC_LITERAL_CONVERSION = YES;
				CLANG_WARN_OBJC_ROOT_CLASS = YES_ERROR;
				CLANG_WARN_RANGE_LOOP_ANALYSIS = YES;
				CLANG_WARN_STRICT_PROTOTYPES = YES;
				CLANG_WARN_SUSPICIOUS_MOVE = YES;
				CLANG_WARN_UNGUARDED_AVAILABILITY = YES_AGGRESSIVE;
				CLANG_WARN_UNREACHABLE_CODE = YES;
				CLANG_WARN__DUPLICATE_METHOD_MATCH = YES;
				CODE_SIGN_IDENTITY = "iPhone Developer";
				COPY_PHASE_STRIP = NO;
				DEBUG_INFORMATION_FORMAT = dwarf;
				ENABLE_STRICT_OBJC_MSGSEND = YES;
				ENABLE_TESTABILITY = YES;
				GCC_C_LANGUAGE_STANDARD = gnu11;
				GCC_DYNAMIC_NO_PIC = NO;
				GCC_NO_COMMON_BLOCKS = YES;
				GCC_OPTIMIZATION_LEVEL = 0;
				GCC_PREPROCESSOR_DEFINITIONS = (
					"DEBUG=1",
					"$(inherited)",
				);
				GCC_WARN_64_TO_32_BIT_CONVERSION = YES;
				GCC_WARN_ABOUT_RETURN_TYPE = YES_ERROR;
				GCC_WARN_UNDECLARED_SELECTOR = YES;
				GCC_WARN_UNINITIALIZED_AUTOS = YES_AGGRESSIVE;
				GCC_WARN_UNUSED_FUNCTION = YES;
				GCC_WARN_UNUSED_VARIABLE = YES;
				IPHONEOS_DEPLOYMENT_TARGET = 11.3;
				MTL_ENABLE_DEBUG_INFO = YES;
				ONLY_ACTIVE_ARCH = YES;
				SDKROOT = iphoneos;
				SWIFT_ACTIVE_COMPILATION_CONDITIONS = DEBUG;
				SWIFT_OPTIMIZATION_LEVEL = "-Onone";
			};
			name = Debug;
		};
		59412B9920B5721400A2ED02 /* Release */ = {
			isa = XCBuildConfiguration;
			buildSettings = {
				ALWAYS_SEARCH_USER_PATHS = NO;
				CLANG_ANALYZER_NONNULL = YES;
				CLANG_ANALYZER_NUMBER_OBJECT_CONVERSION = YES_AGGRESSIVE;
				CLANG_CXX_LANGUAGE_STANDARD = "gnu++14";
				CLANG_CXX_LIBRARY = "libc++";
				CLANG_ENABLE_MODULES = YES;
				CLANG_ENABLE_OBJC_ARC = YES;
				CLANG_ENABLE_OBJC_WEAK = YES;
				CLANG_WARN_BLOCK_CAPTURE_AUTORELEASING = YES;
				CLANG_WARN_BOOL_CONVERSION = YES;
				CLANG_WARN_COMMA = YES;
				CLANG_WARN_CONSTANT_CONVERSION = YES;
				CLANG_WARN_DEPRECATED_OBJC_IMPLEMENTATIONS = YES;
				CLANG_WARN_DIRECT_OBJC_ISA_USAGE = YES_ERROR;
				CLANG_WARN_DOCUMENTATION_COMMENTS = YES;
				CLANG_WARN_EMPTY_BODY = YES;
				CLANG_WARN_ENUM_CONVERSION = YES;
				CLANG_WARN_INFINITE_RECURSION = YES;
				CLANG_WARN_INT_CONVERSION = YES;
				CLANG_WARN_NON_LITERAL_NULL_CONVERSION = YES;
				CLANG_WARN_OBJC_IMPLICIT_RETAIN_SELF = YES;
				CLANG_WARN_OBJC_LITERAL_CONVERSION = YES;
				CLANG_WARN_OBJC_ROOT_CLASS = YES_ERROR;
				CLANG_WARN_RANGE_LOOP_ANALYSIS = YES;
				CLANG_WARN_STRICT_PROTOTYPES = YES;
				CLANG_WARN_SUSPICIOUS_MOVE = YES;
				CLANG_WARN_UNGUARDED_AVAILABILITY = YES_AGGRESSIVE;
				CLANG_WARN_UNREACHABLE_CODE = YES;
				CLANG_WARN__DUPLICATE_METHOD_MATCH = YES;
				CODE_SIGN_IDENTITY = "iPhone Developer";
				COPY_PHASE_STRIP = NO;
				DEBUG_INFORMATION_FORMAT = "dwarf-with-dsym";
				ENABLE_NS_ASSERTIONS = NO;
				ENABLE_STRICT_OBJC_MSGSEND = YES;
				GCC_C_LANGUAGE_STANDARD = gnu11;
				GCC_NO_COMMON_BLOCKS = YES;
				GCC_WARN_64_TO_32_BIT_CONVERSION = YES;
				GCC_WARN_ABOUT_RETURN_TYPE = YES_ERROR;
				GCC_WARN_UNDECLARED_SELECTOR = YES;
				GCC_WARN_UNINITIALIZED_AUTOS = YES_AGGRESSIVE;
				GCC_WARN_UNUSED_FUNCTION = YES;
				GCC_WARN_UNUSED_VARIABLE = YES;
				IPHONEOS_DEPLOYMENT_TARGET = 11.3;
				MTL_ENABLE_DEBUG_INFO = NO;
				SDKROOT = iphoneos;
				SWIFT_COMPILATION_MODE = wholemodule;
				SWIFT_OPTIMIZATION_LEVEL = "-O";
				VALIDATE_PRODUCT = YES;
			};
			name = Release;
		};
		59412B9B20B5721400A2ED02 /* Debug */ = {
			isa = XCBuildConfiguration;
			baseConfigurationReference = C5820ED2DA6AF24C16C4CC55 /* Pods-ARty.debug.xcconfig */;
			buildSettings = {
				ASSETCATALOG_COMPILER_APPICON_NAME = AppIcon;
				CODE_SIGN_ENTITLEMENTS = ARty/ARty.entitlements;
				CODE_SIGN_STYLE = Automatic;
				DEVELOPMENT_TEAM = 8UMN526X69;
				INFOPLIST_FILE = ARty/Info.plist;
				LD_RUNPATH_SEARCH_PATHS = (
					"$(inherited)",
					"@executable_path/Frameworks",
				);
				PRODUCT_BUNDLE_IDENTIFIER = com.quanvo.ARty;
				PRODUCT_NAME = "$(TARGET_NAME)";
				SWIFT_VERSION = 4.0;
				TARGETED_DEVICE_FAMILY = 1;
			};
			name = Debug;
		};
		59412B9C20B5721400A2ED02 /* Release */ = {
			isa = XCBuildConfiguration;
			baseConfigurationReference = 2E645C07E1CA6575D6B1D766 /* Pods-ARty.release.xcconfig */;
			buildSettings = {
				ASSETCATALOG_COMPILER_APPICON_NAME = AppIcon;
				CODE_SIGN_ENTITLEMENTS = ARty/ARty.entitlements;
				CODE_SIGN_STYLE = Automatic;
				DEVELOPMENT_TEAM = 8UMN526X69;
				INFOPLIST_FILE = ARty/Info.plist;
				LD_RUNPATH_SEARCH_PATHS = (
					"$(inherited)",
					"@executable_path/Frameworks",
				);
				PRODUCT_BUNDLE_IDENTIFIER = com.quanvo.ARty;
				PRODUCT_NAME = "$(TARGET_NAME)";
				SWIFT_VERSION = 4.0;
				TARGETED_DEVICE_FAMILY = 1;
			};
			name = Release;
		};
/* End XCBuildConfiguration section */

/* Begin XCConfigurationList section */
		59412B8120B5721300A2ED02 /* Build configuration list for PBXProject "ARty" */ = {
			isa = XCConfigurationList;
			buildConfigurations = (
				59412B9820B5721400A2ED02 /* Debug */,
				59412B9920B5721400A2ED02 /* Release */,
			);
			defaultConfigurationIsVisible = 0;
			defaultConfigurationName = Release;
		};
		59412B9A20B5721400A2ED02 /* Build configuration list for PBXNativeTarget "ARty" */ = {
			isa = XCConfigurationList;
			buildConfigurations = (
				59412B9B20B5721400A2ED02 /* Debug */,
				59412B9C20B5721400A2ED02 /* Release */,
			);
			defaultConfigurationIsVisible = 0;
			defaultConfigurationName = Release;
		};
/* End XCConfigurationList section */
	};
	rootObject = 59412B7E20B5721300A2ED02 /* Project object */;
}
